<Solution>
  <Project Path="E:/LEFP/Proyectos/ControlAlquileres/GestionDeAlquileres/Aplicacion/Aplicacion.csproj" />
  <Project Path="E:/LEFP/Proyectos/ControlAlquileres/GestionDeAlquileres/Dominio/Dominio.csproj" />
  <Project Path="E:/LEFP/Proyectos/ControlAlquileres/GestionDeAlquileres/GestionAlquileres/GestionAlquileres.csproj" />
  <Project Path="E:/LEFP/Proyectos/ControlAlquileres/GestionDeAlquileres/Infraestructura/Infraestructura.csproj" />
</Solution>
